# THIS IS AN AUTOGENERATED FILE. DO NOT EDIT THIS FILE DIRECTLY.
# yarn lockfile v1


"@monyone/aho-corasick@link:..":
  version "0.0.0"
  uid ""

"@tanishiking/aho-corasick@^0.0.1":
  version "0.0.1"
  resolved "https://registry.yarnpkg.com/@tanishiking/aho-corasick/-/aho-corasick-0.0.1.tgz#013180c33d4d8432fbd83d7db51f5d5f79f944e1"
  integrity sha512-70Fy5dKDfoaKq9CaWVaSvheCmQ/M7BxNAlQJfL1qUqX5/cyUZpQvK8nGkGSAUtHs7yokOOlOR6+WlIr6GVJrjw==

"@types/ahocorasick@^1.0.0":
  version "1.0.0"
  resolved "https://registry.yarnpkg.com/@types/ahocorasick/-/ahocorasick-1.0.0.tgz#0ca993a5edafa9c033daf52cc39e18a8da70f938"
  integrity sha512-FNLE6B+9Px4LfRX2bZHSSTFa8Du8RznF5fNX915Ovf+K+g0SljmcmO5u7SH+c3LmeCZwP03NgMb7p82c0+Vbrg==

"@types/chance@^1.1.8":
  version "1.1.8"
  resolved "https://registry.yarnpkg.com/@types/chance/-/chance-1.1.8.tgz#cc37c430382992ea1af6b2b55748fcbcf3485a4c"
  integrity sha512-isycXjm4a88/zl3n9lfgMcEClR9wUi+m72lkE9MvEbkgZDQrKzolWbonBiUqDNAJFIwO9GKjzmJFq79qtKVTAQ==

"@xn-sakina/hoshino-darwin-arm64@2.1.0":
  version "2.1.0"
  resolved "https://registry.yarnpkg.com/@xn-sakina/hoshino-darwin-arm64/-/hoshino-darwin-arm64-2.1.0.tgz#9ab454b58167f42c5f2a6e40025f5fa4a1e7520b"
  integrity sha512-8jG0Cgh/uDas0S7Ak+bHplhC826p/z0t72WmPCkQv+3mvpIK/bbdd7G/BCLyZNSzMQvdhmn/lTY0jkuVcHDeAg==

"@xn-sakina/hoshino-darwin-x64@2.1.0":
  version "2.1.0"
  resolved "https://registry.yarnpkg.com/@xn-sakina/hoshino-darwin-x64/-/hoshino-darwin-x64-2.1.0.tgz#fb508ba2b762093b18d509de529ec07c5c3a030f"
  integrity sha512-ooh1QMxakk9R7rdzbnAZcwfWKlWAsXd3pKuIXhvA3W1wjVIQNJS7U4QaYa8GDvfv9YXyrNlEU8Vt0DGpaaQaHg==

"@xn-sakina/hoshino-linux-arm64-gnu@2.1.0":
  version "2.1.0"
  resolved "https://registry.yarnpkg.com/@xn-sakina/hoshino-linux-arm64-gnu/-/hoshino-linux-arm64-gnu-2.1.0.tgz#0475772cc86fc5a5cd84201f28fd737a84cd9c54"
  integrity sha512-bzoYJQVcePUUUrP4fpAaImELIi0yGB9DTMMudPv+gnjFcVxxxYeD2fMV0CO5SeNoP4SyyneKREdkIfBz3rSo7g==

"@xn-sakina/hoshino-linux-arm64-musl@2.1.0":
  version "2.1.0"
  resolved "https://registry.yarnpkg.com/@xn-sakina/hoshino-linux-arm64-musl/-/hoshino-linux-arm64-musl-2.1.0.tgz#35e54da279cf9986016fef17860eca4e4f52ec6d"
  integrity sha512-cxJ21G4F0O0aTZ+asS3gLR17ac18up8S8P2jMA++osqGg5pdWZqCTbSZ8+By65wdgzfxa0l51wV7R8/AfQQKjw==

"@xn-sakina/hoshino-linux-x64-gnu@2.1.0":
  version "2.1.0"
  resolved "https://registry.yarnpkg.com/@xn-sakina/hoshino-linux-x64-gnu/-/hoshino-linux-x64-gnu-2.1.0.tgz#0c9a019239bbf8034a1888512ede910cc2df83c6"
  integrity sha512-EluClth6g2CwZ65Nf3V3Mk4xLUjuCmu9g0cSjD+l6MU5MvtoqWr9IQKnsYfKNH6LhCT8cz/mZcotk1dwyamjlg==

"@xn-sakina/hoshino-linux-x64-musl@2.1.0":
  version "2.1.0"
  resolved "https://registry.yarnpkg.com/@xn-sakina/hoshino-linux-x64-musl/-/hoshino-linux-x64-musl-2.1.0.tgz#c8dacae79f5358d4dbc9ac1fdddabd60f8de1c27"
  integrity sha512-pGN/Z0AeiYuY144rLUlw8jAlRL2cTPIH/QQnNrqC+5nH7T2m5DOdNo9D0eJEZlkR795CZY9Vr6puzYhPeBHcLw==

"@xn-sakina/hoshino-win32-arm64-msvc@2.1.0":
  version "2.1.0"
  resolved "https://registry.yarnpkg.com/@xn-sakina/hoshino-win32-arm64-msvc/-/hoshino-win32-arm64-msvc-2.1.0.tgz#738eaf57b28e722f409509cb7703ad68322f492e"
  integrity sha512-eMvk6E4FPAPvrZyoD1eXRDJUDgaT/BJPmcEs7FDFj7Qnl5Wphg65bgnt+vNpqbpZKwv1g4iSpahsIViOz41gFA==

"@xn-sakina/hoshino-win32-x64-msvc@2.1.0":
  version "2.1.0"
  resolved "https://registry.yarnpkg.com/@xn-sakina/hoshino-win32-x64-msvc/-/hoshino-win32-x64-msvc-2.1.0.tgz#9733c510a9a0b5a8a125a962f1b227253665eeb8"
  integrity sha512-7CG6JiO8lvc8GcsgKiI5DUrtmxUBERmxz16sm57QhaRx+KDExjiM70jnkxTcxHWrmNJTO7VOVXJNUXx0LrTp3g==

ahocorasick@^1.0.2:
  version "1.0.2"
  resolved "https://registry.yarnpkg.com/ahocorasick/-/ahocorasick-1.0.2.tgz#9eee93aef9d02bfb476d9b648d9b7a40ef2fd500"
  integrity sha512-hCOfMzbFx5IDutmWLAt6MZwOUjIfSM9G9FyVxytmE4Rs/5YDPWQrD/+IR1w+FweD9H2oOZEnv36TmkjhNURBVA==

hoshino@^2.1.0:
  version "2.1.0"
  resolved "https://registry.yarnpkg.com/hoshino/-/hoshino-2.1.0.tgz#5f0f40ae64eb63bfb98da020c09a847a1aeab8ed"
  integrity sha512-ND0Jwzp+wPG1e8yCOkkT/lua6QSjkokftMWhS9vm+crpRMZrYAfbbhcK9plq2mW+Vq3xcCmLIRZaC/1GISzotQ==
  optionalDependencies:
    "@xn-sakina/hoshino-darwin-arm64" "2.1.0"
    "@xn-sakina/hoshino-darwin-x64" "2.1.0"
    "@xn-sakina/hoshino-linux-arm64-gnu" "2.1.0"
    "@xn-sakina/hoshino-linux-arm64-musl" "2.1.0"
    "@xn-sakina/hoshino-linux-x64-gnu" "2.1.0"
    "@xn-sakina/hoshino-linux-x64-musl" "2.1.0"
    "@xn-sakina/hoshino-win32-arm64-msvc" "2.1.0"
    "@xn-sakina/hoshino-win32-x64-msvc" "2.1.0"

modern-ahocorasick@1.1.0:
  version "1.1.0"
  resolved "https://registry.yarnpkg.com/modern-ahocorasick/-/modern-ahocorasick-1.1.0.tgz#9b1fa15d4f654be20a2ad7ecc44ec9d7645bb420"
  integrity sha512-sEKPVl2rM+MNVkGQt3ChdmD8YsigmXdn5NifZn6jiwn9LRJpWm8F3guhaqrJT/JOat6pwpbXEk6kv+b9DMIjsQ==

tynisearch@^1.0.11:
  version "1.0.11"
  resolved "https://registry.yarnpkg.com/tynisearch/-/tynisearch-1.0.11.tgz#25f9a4f53fe0722efaf9bbb71a2ee54a309623af"
  integrity sha512-SJS/WVwvmhENOOsJvphde2WaBdRCm4x2mn0NTtXemlhy771blTnJXNNjwgeqX/kScaN2+GCLzfPsIp3UHvJetA==

word-match-helper@^2.1.0:
  version "2.1.0"
  resolved "https://registry.yarnpkg.com/word-match-helper/-/word-match-helper-2.1.0.tgz#dd7779e8a9800307e393c6c98fae7a9963edeb22"
  integrity sha512-d6M6oEj3KvYVHwCWRuMqIsyPO7D/NcNeFMtx4tflLiAgAqeLvhbaLkvJw0/yBpTCkrZTgILAaJT6EwnKYDcTtA==
